// !$*UTF8*$!
{
	archiveVersion = 1;
	classes = {
	};
	objectVersion = 50;
	objects = {

/* Begin PBXBuildFile section */
		8437931C24E4C3870088EE86 /* recipeViewController.swift in Sources */ = {isa = PBXBuildFile; fileRef = 8437931B24E4C3870088EE86 /* recipeViewController.swift */; };
		8437931E24E4C3940088EE86 /* exploreViewController.swift in Sources */ = {isa = PBXBuildFile; fileRef = 8437931D24E4C3940088EE86 /* exploreViewController.swift */; };
		8437932024E4C3A10088EE86 /* donateViewController.swift in Sources */ = {isa = PBXBuildFile; fileRef = 8437931F24E4C3A10088EE86 /* donateViewController.swift */; };
		8437932224E4C3CB0088EE86 /* indianCuisineViewController.swift in Sources */ = {isa = PBXBuildFile; fileRef = 8437932124E4C3CB0088EE86 /* indianCuisineViewController.swift */; };
		8437932424E4C3DA0088EE86 /* butterChickenViewController.swift in Sources */ = {isa = PBXBuildFile; fileRef = 8437932324E4C3DA0088EE86 /* butterChickenViewController.swift */; };
		8437932624E4CD250088EE86 /* chickenmasalaViewController.swift in Sources */ = {isa = PBXBuildFile; fileRef = 8437932524E4CD250088EE86 /* chickenmasalaViewController.swift */; };
		8437932824E4D22C0088EE86 /* halwaViewController.swift in Sources */ = {isa = PBXBuildFile; fileRef = 8437932724E4D22C0088EE86 /* halwaViewController.swift */; };
		8437932A24E4EE410088EE86 /* kidFriendlyViewController.swift in Sources */ = {isa = PBXBuildFile; fileRef = 8437932924E4EE410088EE86 /* kidFriendlyViewController.swift */; };
		8437932C24E4F80A0088EE86 /* keemaViewController.swift in Sources */ = {isa = PBXBuildFile; fileRef = 8437932B24E4F80A0088EE86 /* keemaViewController.swift */; };
		8437932E24E50C130088EE86 /* quickRecipesViewController.swift in Sources */ = {isa = PBXBuildFile; fileRef = 8437932D24E50C130088EE86 /* quickRecipesViewController.swift */; };
		8437933024E519AB0088EE86 /* dessertViewController.swift in Sources */ = {isa = PBXBuildFile; fileRef = 8437932F24E519AB0088EE86 /* dessertViewController.swift */; };
		8437933224E51F8E0088EE86 /* italianViewController.swift in Sources */ = {isa = PBXBuildFile; fileRef = 8437933124E51F8E0088EE86 /* italianViewController.swift */; };
		849746BD24E46CC000D00A8C /* AppDelegate.swift in Sources */ = {isa = PBXBuildFile; fileRef = 849746BC24E46CC000D00A8C /* AppDelegate.swift */; };
		849746BF24E46CC000D00A8C /* SceneDelegate.swift in Sources */ = {isa = PBXBuildFile; fileRef = 849746BE24E46CC000D00A8C /* SceneDelegate.swift */; };
		849746C124E46CC000D00A8C /* ViewController.swift in Sources */ = {isa = PBXBuildFile; fileRef = 849746C024E46CC000D00A8C /* ViewController.swift */; };
		849746C424E46CC000D00A8C /* Main.storyboard in Resources */ = {isa = PBXBuildFile; fileRef = 849746C224E46CC000D00A8C /* Main.storyboard */; };
		849746C724E46CC000D00A8C /* TasteTour.xcdatamodeld in Sources */ = {isa = PBXBuildFile; fileRef = 849746C524E46CC000D00A8C /* TasteTour.xcdatamodeld */; };
		849746C924E46CC300D00A8C /* Assets.xcassets in Resources */ = {isa = PBXBuildFile; fileRef = 849746C824E46CC300D00A8C /* Assets.xcassets */; };
		849746CC24E46CC300D00A8C /* LaunchScreen.storyboard in Resources */ = {isa = PBXBuildFile; fileRef = 849746CA24E46CC300D00A8C /* LaunchScreen.storyboard */; };
		849746D724E46CC400D00A8C /* TasteTourTests.swift in Sources */ = {isa = PBXBuildFile; fileRef = 849746D624E46CC400D00A8C /* TasteTourTests.swift */; };
		849746E224E46CC400D00A8C /* TasteTourUITests.swift in Sources */ = {isa = PBXBuildFile; fileRef = 849746E124E46CC400D00A8C /* TasteTourUITests.swift */; };
/* End PBXBuildFile section */

/* Begin PBXContainerItemProxy section */
		849746D324E46CC400D00A8C /* PBXContainerItemProxy */ = {
			isa = PBXContainerItemProxy;
			containerPortal = 849746B124E46CBF00D00A8C /* Project object */;
			proxyType = 1;
			remoteGlobalIDString = 849746B824E46CBF00D00A8C;
			remoteInfo = TasteTour;
		};
		849746DE24E46CC400D00A8C /* PBXContainerItemProxy */ = {
			isa = PBXContainerItemProxy;
			containerPortal = 849746B124E46CBF00D00A8C /* Project object */;
			proxyType = 1;
			remoteGlobalIDString = 849746B824E46CBF00D00A8C;
			remoteInfo = TasteTour;
		};
/* End PBXContainerItemProxy section */

/* Begin PBXFileReference section */
		8437931B24E4C3870088EE86 /* recipeViewController.swift */ = {isa = PBXFileReference; lastKnownFileType = sourcecode.swift; path = recipeViewController.swift; sourceTree = "<group>"; };
		8437931D24E4C3940088EE86 /* exploreViewController.swift */ = {isa = PBXFileReference; lastKnownFileType = sourcecode.swift; path = exploreViewController.swift; sourceTree = "<group>"; };
		8437931F24E4C3A10088EE86 /* donateViewController.swift */ = {isa = PBXFileReference; lastKnownFileType = sourcecode.swift; path = donateViewController.swift; sourceTree = "<group>"; };
		8437932124E4C3CB0088EE86 /* indianCuisineViewController.swift */ = {isa = PBXFileReference; lastKnownFileType = sourcecode.swift; path = indianCuisineViewController.swift; sourceTree = "<group>"; };
		8437932324E4C3DA0088EE86 /* butterChickenViewController.swift */ = {isa = PBXFileReference; lastKnownFileType = sourcecode.swift; path = butterChickenViewController.swift; sourceTree = "<group>"; };
		8437932524E4CD250088EE86 /* chickenmasalaViewController.swift */ = {isa = PBXFileReference; lastKnownFileType = sourcecode.swift; path = chickenmasalaViewController.swift; sourceTree = "<group>"; };
		8437932724E4D22C0088EE86 /* halwaViewController.swift */ = {isa = PBXFileReference; lastKnownFileType = sourcecode.swift; path = halwaViewController.swift; sourceTree = "<group>"; };
		8437932924E4EE410088EE86 /* kidFriendlyViewController.swift */ = {isa = PBXFileReference; lastKnownFileType = sourcecode.swift; path = kidFriendlyViewController.swift; sourceTree = "<group>"; };
		8437932B24E4F80A0088EE86 /* keemaViewController.swift */ = {isa = PBXFileReference; lastKnownFileType = sourcecode.swift; path = keemaViewController.swift; sourceTree = "<group>"; };
		8437932D24E50C130088EE86 /* quickRecipesViewController.swift */ = {isa = PBXFileReference; lastKnownFileType = sourcecode.swift; path = quickRecipesViewController.swift; sourceTree = "<group>"; };
		8437932F24E519AB0088EE86 /* dessertViewController.swift */ = {isa = PBXFileReference; lastKnownFileType = sourcecode.swift; path = dessertViewController.swift; sourceTree = "<group>"; };
		8437933124E51F8E0088EE86 /* italianViewController.swift */ = {isa = PBXFileReference; lastKnownFileType = sourcecode.swift; path = italianViewController.swift; sourceTree = "<group>"; };
		849746B924E46CBF00D00A8C /* TasteTour.app */ = {isa = PBXFileReference; explicitFileType = wrapper.application; includeInIndex = 0; path = TasteTour.app; sourceTree = BUILT_PRODUCTS_DIR; };
		849746BC24E46CC000D00A8C /* AppDelegate.swift */ = {isa = PBXFileReference; lastKnownFileType = sourcecode.swift; path = AppDelegate.swift; sourceTree = "<group>"; };
		849746BE24E46CC000D00A8C /* SceneDelegate.swift */ = {isa = PBXFileReference; lastKnownFileType = sourcecode.swift; path = SceneDelegate.swift; sourceTree = "<group>"; };
		849746C024E46CC000D00A8C /* ViewController.swift */ = {isa = PBXFileReference; lastKnownFileType = sourcecode.swift; path = ViewController.swift; sourceTree = "<group>"; };
		849746C324E46CC000D00A8C /* Base */ = {isa = PBXFileReference; lastKnownFileType = file.storyboard; name = Base; path = Base.lproj/Main.storyboard; sourceTree = "<group>"; };
		849746C624E46CC000D00A8C /* TasteTour.xcdatamodel */ = {isa = PBXFileReference; lastKnownFileType = wrapper.xcdatamodel; path = TasteTour.xcdatamodel; sourceTree = "<group>"; };
		849746C824E46CC300D00A8C /* Assets.xcassets */ = {isa = PBXFileReference; lastKnownFileType = folder.assetcatalog; path = Assets.xcassets; sourceTree = "<group>"; };
		849746CB24E46CC300D00A8C /* Base */ = {isa = PBXFileReference; lastKnownFileType = file.storyboard; name = Base; path = Base.lproj/LaunchScreen.storyboard; sourceTree = "<group>"; };
		849746CD24E46CC300D00A8C /* Info.plist */ = {isa = PBXFileReference; lastKnownFileType = text.plist.xml; path = Info.plist; sourceTree = "<group>"; };
		849746D224E46CC400D00A8C /* TasteTourTests.xctest */ = {isa = PBXFileReference; explicitFileType = wrapper.cfbundle; includeInIndex = 0; path = TasteTourTests.xctest; sourceTree = BUILT_PRODUCTS_DIR; };
		849746D624E46CC400D00A8C /* TasteTourTests.swift */ = {isa = PBXFileReference; lastKnownFileType = sourcecode.swift; path = TasteTourTests.swift; sourceTree = "<group>"; };
		849746D824E46CC400D00A8C /* Info.plist */ = {isa = PBXFileReference; lastKnownFileType = text.plist.xml; path = Info.plist; sourceTree = "<group>"; };
		849746DD24E46CC400D00A8C /* TasteTourUITests.xctest */ = {isa = PBXFileReference; explicitFileType = wrapper.cfbundle; includeInIndex = 0; path = TasteTourUITests.xctest; sourceTree = BUILT_PRODUCTS_DIR; };
		849746E124E46CC400D00A8C /* TasteTourUITests.swift */ = {isa = PBXFileReference; lastKnownFileType = sourcecode.swift; path = TasteTourUITests.swift; sourceTree = "<group>"; };
		849746E324E46CC400D00A8C /* Info.plist */ = {isa = PBXFileReference; lastKnownFileType = text.plist.xml; path = Info.plist; sourceTree = "<group>"; };
/* End PBXFileReference section */

/* Begin PBXFrameworksBuildPhase section */
		849746B624E46CBF00D00A8C /* Frameworks */ = {
			isa = PBXFrameworksBuildPhase;
			buildActionMask = 2147483647;
			files = (
			);
			runOnlyForDeploymentPostprocessing = 0;
		};
		849746CF24E46CC400D00A8C /* Frameworks */ = {
			isa = PBXFrameworksBuildPhase;
			buildActionMask = 2147483647;
			files = (
			);
			runOnlyForDeploymentPostprocessing = 0;
		};
		849746DA24E46CC400D00A8C /* Frameworks */ = {
			isa = PBXFrameworksBuildPhase;
			buildActionMask = 2147483647;
			files = (
			);
			runOnlyForDeploymentPostprocessing = 0;
		};
/* End PBXFrameworksBuildPhase section */

/* Begin PBXGroup section */
		849746B024E46CBF00D00A8C = {
			isa = PBXGroup;
			children = (
				8437932124E4C3CB0088EE86 /* indianCuisineViewController.swift */,
				8437932324E4C3DA0088EE86 /* butterChickenViewController.swift */,
				8437931B24E4C3870088EE86 /* recipeViewController.swift */,
				8437931D24E4C3940088EE86 /* exploreViewController.swift */,
				8437931F24E4C3A10088EE86 /* donateViewController.swift */,
				8437932524E4CD250088EE86 /* chickenmasalaViewController.swift */,
				8437932724E4D22C0088EE86 /* halwaViewController.swift */,
				8437933124E51F8E0088EE86 /* italianViewController.swift */,
				8437932F24E519AB0088EE86 /* dessertViewController.swift */,
				8437932D24E50C130088EE86 /* quickRecipesViewController.swift */,
				8437932924E4EE410088EE86 /* kidFriendlyViewController.swift */,
				8437932B24E4F80A0088EE86 /* keemaViewController.swift */,
				849746C024E46CC000D00A8C /* ViewController.swift */,
				849746BB24E46CBF00D00A8C /* TasteTour */,
				849746D524E46CC400D00A8C /* TasteTourTests */,
				849746E024E46CC400D00A8C /* TasteTourUITests */,
				849746BA24E46CBF00D00A8C /* Products */,
			);
			sourceTree = "<group>";
		};
		849746BA24E46CBF00D00A8C /* Products */ = {
			isa = PBXGroup;
			children = (
				849746B924E46CBF00D00A8C /* TasteTour.app */,
				849746D224E46CC400D00A8C /* TasteTourTests.xctest */,
				849746DD24E46CC400D00A8C /* TasteTourUITests.xctest */,
			);
			name = Products;
			sourceTree = "<group>";
		};
		849746BB24E46CBF00D00A8C /* TasteTour */ = {
			isa = PBXGroup;
			children = (
				849746BC24E46CC000D00A8C /* AppDelegate.swift */,
				849746BE24E46CC000D00A8C /* SceneDelegate.swift */,
				849746C224E46CC000D00A8C /* Main.storyboard */,
				849746C824E46CC300D00A8C /* Assets.xcassets */,
				849746CA24E46CC300D00A8C /* LaunchScreen.storyboard */,
				849746CD24E46CC300D00A8C /* Info.plist */,
				849746C524E46CC000D00A8C /* TasteTour.xcdatamodeld */,
			);
			path = TasteTour;
			sourceTree = "<group>";
		};
		849746D524E46CC400D00A8C /* TasteTourTests */ = {
			isa = PBXGroup;
			children = (
				849746D624E46CC400D00A8C /* TasteTourTests.swift */,
				849746D824E46CC400D00A8C /* Info.plist */,
			);
			path = TasteTourTests;
			sourceTree = "<group>";
		};
		849746E024E46CC400D00A8C /* TasteTourUITests */ = {
			isa = PBXGroup;
			children = (
				849746E124E46CC400D00A8C /* TasteTourUITests.swift */,
				849746E324E46CC400D00A8C /* Info.plist */,
			);
			path = TasteTourUITests;
			sourceTree = "<group>";
		};
/* End PBXGroup section */

/* Begin PBXNativeTarget section */
		849746B824E46CBF00D00A8C /* TasteTour */ = {
			isa = PBXNativeTarget;
			buildConfigurationList = 849746E624E46CC400D00A8C /* Build configuration list for PBXNativeTarget "TasteTour" */;
			buildPhases = (
				849746B524E46CBF00D00A8C /* Sources */,
				849746B624E46CBF00D00A8C /* Frameworks */,
				849746B724E46CBF00D00A8C /* Resources */,
			);
			buildRules = (
			);
			dependencies = (
			);
			name = TasteTour;
			productName = TasteTour;
			productReference = 849746B924E46CBF00D00A8C /* TasteTour.app */;
			productType = "com.apple.product-type.application";
		};
		849746D124E46CC400D00A8C /* TasteTourTests */ = {
			isa = PBXNativeTarget;
			buildConfigurationList = 849746E924E46CC400D00A8C /* Build configuration list for PBXNativeTarget "TasteTourTests" */;
			buildPhases = (
				849746CE24E46CC400D00A8C /* Sources */,
				849746CF24E46CC400D00A8C /* Frameworks */,
				849746D024E46CC400D00A8C /* Resources */,
			);
			buildRules = (
			);
			dependencies = (
				849746D424E46CC400D00A8C /* PBXTargetDependency */,
			);
			name = TasteTourTests;
			productName = TasteTourTests;
			productReference = 849746D224E46CC400D00A8C /* TasteTourTests.xctest */;
			productType = "com.apple.product-type.bundle.unit-test";
		};
		849746DC24E46CC400D00A8C /* TasteTourUITests */ = {
			isa = PBXNativeTarget;
			buildConfigurationList = 849746EC24E46CC400D00A8C /* Build configuration list for PBXNativeTarget "TasteTourUITests" */;
			buildPhases = (
				849746D924E46CC400D00A8C /* Sources */,
				849746DA24E46CC400D00A8C /* Frameworks */,
				849746DB24E46CC400D00A8C /* Resources */,
			);
			buildRules = (
			);
			dependencies = (
				849746DF24E46CC400D00A8C /* PBXTargetDependency */,
			);
			name = TasteTourUITests;
			productName = TasteTourUITests;
			productReference = 849746DD24E46CC400D00A8C /* TasteTourUITests.xctest */;
			productType = "com.apple.product-type.bundle.ui-testing";
		};
/* End PBXNativeTarget section */

/* Begin PBXProject section */
		849746B124E46CBF00D00A8C /* Project object */ = {
			isa = PBXProject;
			attributes = {
				LastSwiftUpdateCheck = 1160;
				LastUpgradeCheck = 1160;
				ORGANIZATIONNAME = "Maria Janoo";
				TargetAttributes = {
					849746B824E46CBF00D00A8C = {
						CreatedOnToolsVersion = 11.6;
					};
					849746D124E46CC400D00A8C = {
						CreatedOnToolsVersion = 11.6;
						TestTargetID = 849746B824E46CBF00D00A8C;
					};
					849746DC24E46CC400D00A8C = {
						CreatedOnToolsVersion = 11.6;
						TestTargetID = 849746B824E46CBF00D00A8C;
					};
				};
			};
			buildConfigurationList = 849746B424E46CBF00D00A8C /* Build configuration list for PBXProject "TasteTour" */;
			compatibilityVersion = "Xcode 9.3";
			developmentRegion = en;
			hasScannedForEncodings = 0;
			knownRegions = (
				en,
				Base,
			);
			mainGroup = 849746B024E46CBF00D00A8C;
			productRefGroup = 849746BA24E46CBF00D00A8C /* Products */;
			projectDirPath = "";
			projectRoot = "";
			targets = (
				849746B824E46CBF00D00A8C /* TasteTour */,
				849746D124E46CC400D00A8C /* TasteTourTests */,
				849746DC24E46CC400D00A8C /* TasteTourUITests */,
			);
		};
/* End PBXProject section */

/* Begin PBXResourcesBuildPhase section */
		849746B724E46CBF00D00A8C /* Resources */ = {
			isa = PBXResourcesBuildPhase;
			buildActionMask = 2147483647;
			files = (
				849746CC24E46CC300D00A8C /* LaunchScreen.storyboard in Resources */,
				849746C924E46CC300D00A8C /* Assets.xcassets in Resources */,
				849746C424E46CC000D00A8C /* Main.storyboard in Resources */,
			);
			runOnlyForDeploymentPostprocessing = 0;
		};
		849746D024E46CC400D00A8C /* Resources */ = {
			isa = PBXResourcesBuildPhase;
			buildActionMask = 2147483647;
			files = (
			);
			runOnlyForDeploymentPostprocessing = 0;
		};
		849746DB24E46CC400D00A8C /* Resources */ = {
			isa = PBXResourcesBuildPhase;
			buildActionMask = 2147483647;
			files = (
			);
			runOnlyForDeploymentPostprocessing = 0;
		};
/* End PBXResourcesBuildPhase section */

/* Begin PBXSourcesBuildPhase section */
		849746B524E46CBF00D00A8C /* Sources */ = {
			isa = PBXSourcesBuildPhase;
			buildActionMask = 2147483647;
			files = (
				849746C124E46CC000D00A8C /* ViewController.swift in Sources */,
				8437933024E519AB0088EE86 /* dessertViewController.swift in Sources */,
				849746C724E46CC000D00A8C /* TasteTour.xcdatamodeld in Sources */,
				8437932224E4C3CB0088EE86 /* indianCuisineViewController.swift in Sources */,
				8437932C24E4F80A0088EE86 /* keemaViewController.swift in Sources */,
				8437932824E4D22C0088EE86 /* halwaViewController.swift in Sources */,
				8437932624E4CD250088EE86 /* chickenmasalaViewController.swift in Sources */,
				8437933224E51F8E0088EE86 /* italianViewController.swift in Sources */,
				8437932424E4C3DA0088EE86 /* butterChickenViewController.swift in Sources */,
				849746BD24E46CC000D00A8C /* AppDelegate.swift in Sources */,
				849746BF24E46CC000D00A8C /* SceneDelegate.swift in Sources */,
				8437931E24E4C3940088EE86 /* exploreViewController.swift in Sources */,
				8437932024E4C3A10088EE86 /* donateViewController.swift in Sources */,
				8437932A24E4EE410088EE86 /* kidFriendlyViewController.swift in Sources */,
				8437932E24E50C130088EE86 /* quickRecipesViewController.swift in Sources */,
				8437931C24E4C3870088EE86 /* recipeViewController.swift in Sources */,
			);
			runOnlyForDeploymentPostprocessing = 0;
		};
		849746CE24E46CC400D00A8C /* Sources */ = {
			isa = PBXSourcesBuildPhase;
			buildActionMask = 2147483647;
			files = (
				849746D724E46CC400D00A8C /* TasteTourTests.swift in Sources */,
			);
			runOnlyForDeploymentPostprocessing = 0;
		};
		849746D924E46CC400D00A8C /* Sources */ = {
			isa = PBXSourcesBuildPhase;
			buildActionMask = 2147483647;
			files = (
				849746E224E46CC400D00A8C /* TasteTourUITests.swift in Sources */,
			);
			runOnlyForDeploymentPostprocessing = 0;
		};
/* End PBXSourcesBuildPhase section */

/* Begin PBXTargetDependency section */
		849746D424E46CC400D00A8C /* PBXTargetDependency */ = {
			isa = PBXTargetDependency;
			target = 849746B824E46CBF00D00A8C /* TasteTour */;
			targetProxy = 849746D324E46CC400D00A8C /* PBXContainerItemProxy */;
		};
		849746DF24E46CC400D00A8C /* PBXTargetDependency */ = {
			isa = PBXTargetDependency;
			target = 849746B824E46CBF00D00A8C /* TasteTour */;
			targetProxy = 849746DE24E46CC400D00A8C /* PBXContainerItemProxy */;
		};
/* End PBXTargetDependency section */

/* Begin PBXVariantGroup section */
		849746C224E46CC000D00A8C /* Main.storyboard */ = {
			isa = PBXVariantGroup;
			children = (
				849746C324E46CC000D00A8C /* Base */,
			);
			name = Main.storyboard;
			sourceTree = "<group>";
		};
		849746CA24E46CC300D00A8C /* LaunchScreen.storyboard */ = {
			isa = PBXVariantGroup;
			children = (
				849746CB24E46CC300D00A8C /* Base */,
			);
			name = LaunchScreen.storyboard;
			sourceTree = "<group>";
		};
/* End PBXVariantGroup section */

/* Begin XCBuildConfiguration section */
		849746E424E46CC400D00A8C /* Debug */ = {
			isa = XCBuildConfiguration;
			buildSettings = {
				ALWAYS_SEARCH_USER_PATHS = NO;
				CLANG_ANALYZER_NONNULL = YES;
				CLANG_ANALYZER_NUMBER_OBJECT_CONVERSION = YES_AGGRESSIVE;
				CLANG_CXX_LANGUAGE_STANDARD = "gnu++14";
				CLANG_CXX_LIBRARY = "libc++";
				CLANG_ENABLE_MODULES = YES;
				CLANG_ENABLE_OBJC_ARC = YES;
				CLANG_ENABLE_OBJC_WEAK = YES;
				CLANG_WARN_BLOCK_CAPTURE_AUTORELEASING = YES;
				CLANG_WARN_BOOL_CONVERSION = YES;
				CLANG_WARN_COMMA = YES;
				CLANG_WARN_CONSTANT_CONVERSION = YES;
				CLANG_WARN_DEPRECATED_OBJC_IMPLEMENTATIONS = YES;
				CLANG_WARN_DIRECT_OBJC_ISA_USAGE = YES_ERROR;
				CLANG_WARN_DOCUMENTATION_COMMENTS = YES;
				CLANG_WARN_EMPTY_BODY = YES;
				CLANG_WARN_ENUM_CONVERSION = YES;
				CLANG_WARN_INFINITE_RECURSION = YES;
				CLANG_WARN_INT_CONVERSION = YES;
				CLANG_WARN_NON_LITERAL_NULL_CONVERSION = YES;
				CLANG_WARN_OBJC_IMPLICIT_RETAIN_SELF = YES;
				CLANG_WARN_OBJC_LITERAL_CONVERSION = YES;
				CLANG_WARN_OBJC_ROOT_CLASS = YES_ERROR;
				CLANG_WARN_RANGE_LOOP_ANALYSIS = YES;
				CLANG_WARN_STRICT_PROTOTYPES = YES;
				CLANG_WARN_SUSPICIOUS_MOVE = YES;
				CLANG_WARN_UNGUARDED_AVAILABILITY = YES_AGGRESSIVE;
				CLANG_WARN_UNREACHABLE_CODE = YES;
				CLANG_WARN__DUPLICATE_METHOD_MATCH = YES;
				COPY_PHASE_STRIP = NO;
				DEBUG_INFORMATION_FORMAT = dwarf;
				ENABLE_STRICT_OBJC_MSGSEND = YES;
				ENABLE_TESTABILITY = YES;
				GCC_C_LANGUAGE_STANDARD = gnu11;
				GCC_DYNAMIC_NO_PIC = NO;
				GCC_NO_COMMON_BLOCKS = YES;
				GCC_OPTIMIZATION_LEVEL = 0;
				GCC_PREPROCESSOR_DEFINITIONS = (
					"DEBUG=1",
					"$(inherited)",
				);
				GCC_WARN_64_TO_32_BIT_CONVERSION = YES;
				GCC_WARN_ABOUT_RETURN_TYPE = YES_ERROR;
				GCC_WARN_UNDECLARED_SELECTOR = YES;
				GCC_WARN_UNINITIALIZED_AUTOS = YES_AGGRESSIVE;
				GCC_WARN_UNUSED_FUNCTION = YES;
				GCC_WARN_UNUSED_VARIABLE = YES;
				IPHONEOS_DEPLOYMENT_TARGET = 13.6;
				MTL_ENABLE_DEBUG_INFO = INCLUDE_SOURCE;
				MTL_FAST_MATH = YES;
				ONLY_ACTIVE_ARCH = YES;
				SDKROOT = iphoneos;
				SWIFT_ACTIVE_COMPILATION_CONDITIONS = DEBUG;
				SWIFT_OPTIMIZATION_LEVEL = "-Onone";
			};
			name = Debug;
		};
		849746E524E46CC400D00A8C /* Release */ = {
			isa = XCBuildConfiguration;
			buildSettings = {
				ALWAYS_SEARCH_USER_PATHS = NO;
				CLANG_ANALYZER_NONNULL = YES;
				CLANG_ANALYZER_NUMBER_OBJECT_CONVERSION = YES_AGGRESSIVE;
				CLANG_CXX_LANGUAGE_STANDARD = "gnu++14";
				CLANG_CXX_LIBRARY = "libc++";
				CLANG_ENABLE_MODULES = YES;
				CLANG_ENABLE_OBJC_ARC = YES;
				CLANG_ENABLE_OBJC_WEAK = YES;
				CLANG_WARN_BLOCK_CAPTURE_AUTORELEASING = YES;
				CLANG_WARN_BOOL_CONVERSION = YES;
				CLANG_WARN_COMMA = YES;
				CLANG_WARN_CONSTANT_CONVERSION = YES;
				CLANG_WARN_DEPRECATED_OBJC_IMPLEMENTATIONS = YES;
				CLANG_WARN_DIRECT_OBJC_ISA_USAGE = YES_ERROR;
				CLANG_WARN_DOCUMENTATION_COMMENTS = YES;
				CLANG_WARN_EMPTY_BODY = YES;
				CLANG_WARN_ENUM_CONVERSION = YES;
				CLANG_WARN_INFINITE_RECURSION = YES;
				CLANG_WARN_INT_CONVERSION = YES;
				CLANG_WARN_NON_LITERAL_NULL_CONVERSION = YES;
				CLANG_WARN_OBJC_IMPLICIT_RETAIN_SELF = YES;
				CLANG_WARN_OBJC_LITERAL_CONVERSION = YES;
				CLANG_WARN_OBJC_ROOT_CLASS = YES_ERROR;
				CLANG_WARN_RANGE_LOOP_ANALYSIS = YES;
				CLANG_WARN_STRICT_PROTOTYPES = YES;
				CLANG_WARN_SUSPICIOUS_MOVE = YES;
				CLANG_WARN_UNGUARDED_AVAILABILITY = YES_AGGRESSIVE;
				CLANG_WARN_UNREACHABLE_CODE = YES;
				CLANG_WARN__DUPLICATE_METHOD_MATCH = YES;
				COPY_PHASE_STRIP = NO;
				DEBUG_INFORMATION_FORMAT = "dwarf-with-dsym";
				ENABLE_NS_ASSERTIONS = NO;
				ENABLE_STRICT_OBJC_MSGSEND = YES;
				GCC_C_LANGUAGE_STANDARD = gnu11;
				GCC_NO_COMMON_BLOCKS = YES;
				GCC_WARN_64_TO_32_BIT_CONVERSION = YES;
				GCC_WARN_ABOUT_RETURN_TYPE = YES_ERROR;
				GCC_WARN_UNDECLARED_SELECTOR = YES;
				GCC_WARN_UNINITIALIZED_AUTOS = YES_AGGRESSIVE;
				GCC_WARN_UNUSED_FUNCTION = YES;
				GCC_WARN_UNUSED_VARIABLE = YES;
				IPHONEOS_DEPLOYMENT_TARGET = 13.6;
				MTL_ENABLE_DEBUG_INFO = NO;
				MTL_FAST_MATH = YES;
				SDKROOT = iphoneos;
				SWIFT_COMPILATION_MODE = wholemodule;
				SWIFT_OPTIMIZATION_LEVEL = "-O";
				VALIDATE_PRODUCT = YES;
			};
			name = Release;
		};
		849746E724E46CC400D00A8C /* Debug */ = {
			isa = XCBuildConfiguration;
			buildSettings = {
				ASSETCATALOG_COMPILER_APPICON_NAME = AppIcon;
				CODE_SIGN_STYLE = Automatic;
				INFOPLIST_FILE = TasteTour/Info.plist;
				LD_RUNPATH_SEARCH_PATHS = (
					"$(inherited)",
					"@executable_path/Frameworks",
				);
				PRODUCT_BUNDLE_IDENTIFIER = "Maria-Janoo.TasteTour";
				PRODUCT_NAME = "$(TARGET_NAME)";
				SWIFT_VERSION = 5.0;
				TARGETED_DEVICE_FAMILY = "1,2";
			};
			name = Debug;
		};
		849746E824E46CC400D00A8C /* Release */ = {
			isa = XCBuildConfiguration;
			buildSettings = {
				ASSETCATALOG_COMPILER_APPICON_NAME = AppIcon;
				CODE_SIGN_STYLE = Automatic;
				INFOPLIST_FILE = TasteTour/Info.plist;
				LD_RUNPATH_SEARCH_PATHS = (
					"$(inherited)",
					"@executable_path/Frameworks",
				);
				PRODUCT_BUNDLE_IDENTIFIER = "Maria-Janoo.TasteTour";
				PRODUCT_NAME = "$(TARGET_NAME)";
				SWIFT_VERSION = 5.0;
				TARGETED_DEVICE_FAMILY = "1,2";
			};
			name = Release;
		};
		849746EA24E46CC400D00A8C /* Debug */ = {
			isa = XCBuildConfiguration;
			buildSettings = {
				ALWAYS_EMBED_SWIFT_STANDARD_LIBRARIES = YES;
				BUNDLE_LOADER = "$(TEST_HOST)";
				CODE_SIGN_STYLE = Automatic;
				INFOPLIST_FILE = TasteTourTests/Info.plist;
				IPHONEOS_DEPLOYMENT_TARGET = 13.6;
				LD_RUNPATH_SEARCH_PATHS = (
					"$(inherited)",
					"@executable_path/Frameworks",
					"@loader_path/Frameworks",
				);
				PRODUCT_BUNDLE_IDENTIFIER = "Maria-Janoo.TasteTourTests";
				PRODUCT_NAME = "$(TARGET_NAME)";
				SWIFT_VERSION = 5.0;
				TARGETED_DEVICE_FAMILY = "1,2";
				TEST_HOST = "$(BUILT_PRODUCTS_DIR)/TasteTour.app/TasteTour";
			};
			name = Debug;
		};
		849746EB24E46CC400D00A8C /* Release */ = {
			isa = XCBuildConfiguration;
			buildSettings = {
				ALWAYS_EMBED_SWIFT_STANDARD_LIBRARIES = YES;
				BUNDLE_LOADER = "$(TEST_HOST)";
				CODE_SIGN_STYLE = Automatic;
				INFOPLIST_FILE = TasteTourTests/Info.plist;
				IPHONEOS_DEPLOYMENT_TARGET = 13.6;
				LD_RUNPATH_SEARCH_PATHS = (
					"$(inherited)",
					"@executable_path/Frameworks",
					"@loader_path/Frameworks",
				);
				PRODUCT_BUNDLE_IDENTIFIER = "Maria-Janoo.TasteTourTests";
				PRODUCT_NAME = "$(TARGET_NAME)";
				SWIFT_VERSION = 5.0;
				TARGETED_DEVICE_FAMILY = "1,2";
				TEST_HOST = "$(BUILT_PRODUCTS_DIR)/TasteTour.app/TasteTour";
			};
			name = Release;
		};
		849746ED24E46CC400D00A8C /* Debug */ = {
			isa = XCBuildConfiguration;
			buildSettings = {
				ALWAYS_EMBED_SWIFT_STANDARD_LIBRARIES = YES;
				CODE_SIGN_STYLE = Automatic;
				INFOPLIST_FILE = TasteTourUITests/Info.plist;
				LD_RUNPATH_SEARCH_PATHS = (
					"$(inherited)",
					"@executable_path/Frameworks",
					"@loader_path/Frameworks",
				);
				PRODUCT_BUNDLE_IDENTIFIER = "Maria-Janoo.TasteTourUITests";
				PRODUCT_NAME = "$(TARGET_NAME)";
				SWIFT_VERSION = 5.0;
				TARGETED_DEVICE_FAMILY = "1,2";
				TEST_TARGET_NAME = TasteTour;
			};
			name = Debug;
		};
		849746EE24E46CC400D00A8C /* Release */ = {
			isa = XCBuildConfiguration;
			buildSettings = {
				ALWAYS_EMBED_SWIFT_STANDARD_LIBRARIES = YES;
				CODE_SIGN_STYLE = Automatic;
				INFOPLIST_FILE = TasteTourUITests/Info.plist;
				LD_RUNPATH_SEARCH_PATHS = (
					"$(inherited)",
					"@executable_path/Frameworks",
					"@loader_path/Frameworks",
				);
				PRODUCT_BUNDLE_IDENTIFIER = "Maria-Janoo.TasteTourUITests";
				PRODUCT_NAME = "$(TARGET_NAME)";
				SWIFT_VERSION = 5.0;
				TARGETED_DEVICE_FAMILY = "1,2";
				TEST_TARGET_NAME = TasteTour;
			};
			name = Release;
		};
/* End XCBuildConfiguration section */

/* Begin XCConfigurationList section */
		849746B424E46CBF00D00A8C /* Build configuration list for PBXProject "TasteTour" */ = {
			isa = XCConfigurationList;
			buildConfigurations = (
				849746E424E46CC400D00A8C /* Debug */,
				849746E524E46CC400D00A8C /* Release */,
			);
			defaultConfigurationIsVisible = 0;
			defaultConfigurationName = Release;
		};
		849746E624E46CC400D00A8C /* Build configuration list for PBXNativeTarget "TasteTour" */ = {
			isa = XCConfigurationList;
			buildConfigurations = (
				849746E724E46CC400D00A8C /* Debug */,
				849746E824E46CC400D00A8C /* Release */,
			);
			defaultConfigurationIsVisible = 0;
			defaultConfigurationName = Release;
		};
		849746E924E46CC400D00A8C /* Build configuration list for PBXNativeTarget "TasteTourTests" */ = {
			isa = XCConfigurationList;
			buildConfigurations = (
				849746EA24E46CC400D00A8C /* Debug */,
				849746EB24E46CC400D00A8C /* Release */,
			);
			defaultConfigurationIsVisible = 0;
			defaultConfigurationName = Release;
		};
		849746EC24E46CC400D00A8C /* Build configuration list for PBXNativeTarget "TasteTourUITests" */ = {
			isa = XCConfigurationList;
			buildConfigurations = (
				849746ED24E46CC400D00A8C /* Debug */,
				849746EE24E46CC400D00A8C /* Release */,
			);
			defaultConfigurationIsVisible = 0;
			defaultConfigurationName = Release;
		};
/* End XCConfigurationList section */

/* Begin XCVersionGroup section */
		849746C524E46CC000D00A8C /* TasteTour.xcdatamodeld */ = {
			isa = XCVersionGroup;
			children = (
				849746C624E46CC000D00A8C /* TasteTour.xcdatamodel */,
			);
			currentVersion = 849746C624E46CC000D00A8C /* TasteTour.xcdatamodel */;
			path = TasteTour.xcdatamodeld;
			sourceTree = "<group>";
			versionGroupType = wrapper.xcdatamodel;
		};
/* End XCVersionGroup section */
	};
	rootObject = 849746B124E46CBF00D00A8C /* Project object */;
}
